// !$*UTF8*$!
{
	archiveVersion = 1;
	classes = {
	};
	objectVersion = 51;
	objects = {

/* Begin PBXBuildFile section */
		40119F21245B7C0500D97CB3 /* request_body.json in Resources */ = {isa = PBXBuildFile; fileRef = 40119F20245B7C0500D97CB3 /* request_body.json */; };
		45126F1D2594FFEE0074643F /* AuthenticationAdapter.swift in Sources */ = {isa = PBXBuildFile; fileRef = 45126F1C2594FFEE0074643F /* AuthenticationAdapter.swift */; };
		45126F3D25979C460074643F /* NetworkError.swift in Sources */ = {isa = PBXBuildFile; fileRef = 45126F3C25979C460074643F /* NetworkError.swift */; };
		45126F4725979D380074643F /* DateFormatter+APIDates.swift in Sources */ = {isa = PBXBuildFile; fileRef = 45126F4625979D380074643F /* DateFormatter+APIDates.swift */; };
		45126F602597A84A0074643F /* Injectable.swift in Sources */ = {isa = PBXBuildFile; fileRef = 45126F5F2597A84A0074643F /* Injectable.swift */; };
		45126F692597A8C90074643F /* Token.swift in Sources */ = {isa = PBXBuildFile; fileRef = 45126F682597A8C90074643F /* Token.swift */; };
		45126F712597AD590074643F /* TokenStoreAdapter.swift in Sources */ = {isa = PBXBuildFile; fileRef = 45126F702597AD590074643F /* TokenStoreAdapter.swift */; };
		45126F7C2597B5480074643F /* ListTripsViewController.swift in Sources */ = {isa = PBXBuildFile; fileRef = 45126F7B2597B5480074643F /* ListTripsViewController.swift */; };
		45126F8A2597C5B10074643F /* Trip.storyboard in Resources */ = {isa = PBXBuildFile; fileRef = 45126F892597C5B10074643F /* Trip.storyboard */; };
		45126F912597C6400074643F /* ListTripTableViewCell.swift in Sources */ = {isa = PBXBuildFile; fileRef = 45126F8F2597C6400074643F /* ListTripTableViewCell.swift */; };
		459B68CF2593EEE700C0CB7E /* JsonLoader.swift in Sources */ = {isa = PBXBuildFile; fileRef = 459B68CE2593EEE700C0CB7E /* JsonLoader.swift */; };
		459B68E02594159700C0CB7E /* NetworkClient.swift in Sources */ = {isa = PBXBuildFile; fileRef = 459B68DF2594159700C0CB7E /* NetworkClient.swift */; };
		459B68E725941B0900C0CB7E /* Endpoint.swift in Sources */ = {isa = PBXBuildFile; fileRef = 459B68E625941B0900C0CB7E /* Endpoint.swift */; };
		459B68F025941CBC00C0CB7E /* homeworkTests.swift in Sources */ = {isa = PBXBuildFile; fileRef = 459B68EF25941CBC00C0CB7E /* homeworkTests.swift */; };
		459B69032594201D00C0CB7E /* MockGraphql.json in Resources */ = {isa = PBXBuildFile; fileRef = 459B69022594201D00C0CB7E /* MockGraphql.json */; };
		459B69082594208000C0CB7E /* Driver.swift in Sources */ = {isa = PBXBuildFile; fileRef = 459B69072594208000C0CB7E /* Driver.swift */; };
		45A3221E25990B2A0061F180 /* MockTripListNetwork.swift in Sources */ = {isa = PBXBuildFile; fileRef = 45A3221D25990B2A0061F180 /* MockTripListNetwork.swift */; };
		45A3222625990C420061F180 /* MockAuthentication.swift in Sources */ = {isa = PBXBuildFile; fileRef = 45A3222525990C420061F180 /* MockAuthentication.swift */; };
		45B3E11C2598ED4600920C2A /* MessageView.swift in Sources */ = {isa = PBXBuildFile; fileRef = 45B3E11B2598ED4600920C2A /* MessageView.swift */; };
		45B3E127259900F600920C2A /* ListTripsPresenter.swift in Sources */ = {isa = PBXBuildFile; fileRef = 45B3E126259900F600920C2A /* ListTripsPresenter.swift */; };
		45B3E12E2599038900920C2A /* MapTripViewController.swift in Sources */ = {isa = PBXBuildFile; fileRef = 45B3E12D2599038900920C2A /* MapTripViewController.swift */; };
		45F2AC4F2597D089001CEDA5 /* Reusable.swift in Sources */ = {isa = PBXBuildFile; fileRef = 45F2AC4E2597D089001CEDA5 /* Reusable.swift */; };
		45F2AC582597F4D6001CEDA5 /* ListTripTableViewCell.xib in Resources */ = {isa = PBXBuildFile; fileRef = 45F2AC572597F4D6001CEDA5 /* ListTripTableViewCell.xib */; };
		45F2AC5C2597F61C001CEDA5 /* DateFormatter+ReadableDate.swift in Sources */ = {isa = PBXBuildFile; fileRef = 45F2AC5B2597F61C001CEDA5 /* DateFormatter+ReadableDate.swift */; };
		45F2AC5F2597F8D9001CEDA5 /* MockGraphql.json in Resources */ = {isa = PBXBuildFile; fileRef = 459B69022594201D00C0CB7E /* MockGraphql.json */; };
		45F2AC632597FA15001CEDA5 /* JsonDecoder+APIDates.swift in Sources */ = {isa = PBXBuildFile; fileRef = 45F2AC622597FA15001CEDA5 /* JsonDecoder+APIDates.swift */; };
		66AB47D8243D1570000508FB /* AppDelegate.swift in Sources */ = {isa = PBXBuildFile; fileRef = 66AB47D7243D1570000508FB /* AppDelegate.swift */; };
		66AB47E1243D1572000508FB /* Assets.xcassets in Resources */ = {isa = PBXBuildFile; fileRef = 66AB47E0243D1572000508FB /* Assets.xcassets */; };
		66AB47E4243D1572000508FB /* LaunchScreen.storyboard in Resources */ = {isa = PBXBuildFile; fileRef = 66AB47E2243D1572000508FB /* LaunchScreen.storyboard */; };
		66AB47ED243D15EB000508FB /* Auth.swift in Sources */ = {isa = PBXBuildFile; fileRef = 66AB47EC243D15EB000508FB /* Auth.swift */; };
		66AB47EF243D1680000508FB /* DemoAuth.swift in Sources */ = {isa = PBXBuildFile; fileRef = 66AB47EE243D167F000508FB /* DemoAuth.swift */; };
		66AB47F4243D1B57000508FB /* Constants.swift in Sources */ = {isa = PBXBuildFile; fileRef = 66AB47F3243D1B57000508FB /* Constants.swift */; };
		87EC882248FCC06A32BE74EC /* Pods_homework.framework in Frameworks */ = {isa = PBXBuildFile; fileRef = 0D27B24D6D233654D06D5F6E /* Pods_homework.framework */; };
/* End PBXBuildFile section */

/* Begin PBXContainerItemProxy section */
		459B68F225941CBC00C0CB7E /* PBXContainerItemProxy */ = {
			isa = PBXContainerItemProxy;
			containerPortal = 66AB47CC243D1570000508FB /* Project object */;
			proxyType = 1;
			remoteGlobalIDString = 66AB47D3243D1570000508FB;
			remoteInfo = homework;
		};
/* End PBXContainerItemProxy section */

/* Begin PBXFileReference section */
		0D27B24D6D233654D06D5F6E /* Pods_homework.framework */ = {isa = PBXFileReference; explicitFileType = wrapper.framework; includeInIndex = 0; path = Pods_homework.framework; sourceTree = BUILT_PRODUCTS_DIR; };
		37F33EB8E24A1BD328BA669C /* Pods-homework.release.xcconfig */ = {isa = PBXFileReference; includeInIndex = 1; lastKnownFileType = text.xcconfig; name = "Pods-homework.release.xcconfig"; path = "Target Support Files/Pods-homework/Pods-homework.release.xcconfig"; sourceTree = "<group>"; };
		40119F20245B7C0500D97CB3 /* request_body.json */ = {isa = PBXFileReference; fileEncoding = 4; lastKnownFileType = text.json; path = request_body.json; sourceTree = "<group>"; };
		45126F1C2594FFEE0074643F /* AuthenticationAdapter.swift */ = {isa = PBXFileReference; lastKnownFileType = sourcecode.swift; path = AuthenticationAdapter.swift; sourceTree = "<group>"; };
		45126F3C25979C460074643F /* NetworkError.swift */ = {isa = PBXFileReference; lastKnownFileType = sourcecode.swift; path = NetworkError.swift; sourceTree = "<group>"; };
		45126F4625979D380074643F /* DateFormatter+APIDates.swift */ = {isa = PBXFileReference; lastKnownFileType = sourcecode.swift; path = "DateFormatter+APIDates.swift"; sourceTree = "<group>"; };
		45126F5F2597A84A0074643F /* Injectable.swift */ = {isa = PBXFileReference; lastKnownFileType = sourcecode.swift; path = Injectable.swift; sourceTree = "<group>"; };
		45126F682597A8C90074643F /* Token.swift */ = {isa = PBXFileReference; lastKnownFileType = sourcecode.swift; path = Token.swift; sourceTree = "<group>"; };
		45126F702597AD590074643F /* TokenStoreAdapter.swift */ = {isa = PBXFileReference; lastKnownFileType = sourcecode.swift; path = TokenStoreAdapter.swift; sourceTree = "<group>"; };
		45126F7B2597B5480074643F /* ListTripsViewController.swift */ = {isa = PBXFileReference; lastKnownFileType = sourcecode.swift; path = ListTripsViewController.swift; sourceTree = "<group>"; };
		45126F892597C5B10074643F /* Trip.storyboard */ = {isa = PBXFileReference; lastKnownFileType = file.storyboard; path = Trip.storyboard; sourceTree = "<group>"; };
		45126F8F2597C6400074643F /* ListTripTableViewCell.swift */ = {isa = PBXFileReference; lastKnownFileType = sourcecode.swift; path = ListTripTableViewCell.swift; sourceTree = "<group>"; };
		459B68CE2593EEE700C0CB7E /* JsonLoader.swift */ = {isa = PBXFileReference; lastKnownFileType = sourcecode.swift; path = JsonLoader.swift; sourceTree = "<group>"; };
		459B68DF2594159700C0CB7E /* NetworkClient.swift */ = {isa = PBXFileReference; lastKnownFileType = sourcecode.swift; path = NetworkClient.swift; sourceTree = "<group>"; };
		459B68E625941B0900C0CB7E /* Endpoint.swift */ = {isa = PBXFileReference; lastKnownFileType = sourcecode.swift; path = Endpoint.swift; sourceTree = "<group>"; };
		459B68ED25941CBC00C0CB7E /* homeworkTests.xctest */ = {isa = PBXFileReference; explicitFileType = wrapper.cfbundle; includeInIndex = 0; path = homeworkTests.xctest; sourceTree = BUILT_PRODUCTS_DIR; };
		459B68EF25941CBC00C0CB7E /* homeworkTests.swift */ = {isa = PBXFileReference; lastKnownFileType = sourcecode.swift; path = homeworkTests.swift; sourceTree = "<group>"; };
		459B68F125941CBC00C0CB7E /* Info.plist */ = {isa = PBXFileReference; lastKnownFileType = text.plist.xml; path = Info.plist; sourceTree = "<group>"; };
		459B69022594201D00C0CB7E /* MockGraphql.json */ = {isa = PBXFileReference; lastKnownFileType = text.json; path = MockGraphql.json; sourceTree = "<group>"; };
		459B69072594208000C0CB7E /* Driver.swift */ = {isa = PBXFileReference; lastKnownFileType = sourcecode.swift; path = Driver.swift; sourceTree = "<group>"; };
		45A3221D25990B2A0061F180 /* MockTripListNetwork.swift */ = {isa = PBXFileReference; lastKnownFileType = sourcecode.swift; path = MockTripListNetwork.swift; sourceTree = "<group>"; };
		45A3222525990C420061F180 /* MockAuthentication.swift */ = {isa = PBXFileReference; lastKnownFileType = sourcecode.swift; path = MockAuthentication.swift; sourceTree = "<group>"; };
		45B3E11B2598ED4600920C2A /* MessageView.swift */ = {isa = PBXFileReference; lastKnownFileType = sourcecode.swift; path = MessageView.swift; sourceTree = "<group>"; };
		45B3E126259900F600920C2A /* ListTripsPresenter.swift */ = {isa = PBXFileReference; lastKnownFileType = sourcecode.swift; path = ListTripsPresenter.swift; sourceTree = "<group>"; };
		45B3E12D2599038900920C2A /* MapTripViewController.swift */ = {isa = PBXFileReference; lastKnownFileType = sourcecode.swift; path = MapTripViewController.swift; sourceTree = "<group>"; };
		45F2AC4E2597D089001CEDA5 /* Reusable.swift */ = {isa = PBXFileReference; lastKnownFileType = sourcecode.swift; path = Reusable.swift; sourceTree = "<group>"; };
		45F2AC572597F4D6001CEDA5 /* ListTripTableViewCell.xib */ = {isa = PBXFileReference; lastKnownFileType = file.xib; path = ListTripTableViewCell.xib; sourceTree = "<group>"; };
		45F2AC5B2597F61C001CEDA5 /* DateFormatter+ReadableDate.swift */ = {isa = PBXFileReference; lastKnownFileType = sourcecode.swift; path = "DateFormatter+ReadableDate.swift"; sourceTree = "<group>"; };
		45F2AC622597FA15001CEDA5 /* JsonDecoder+APIDates.swift */ = {isa = PBXFileReference; lastKnownFileType = sourcecode.swift; path = "JsonDecoder+APIDates.swift"; sourceTree = "<group>"; };
		66AB47D4243D1570000508FB /* homework.app */ = {isa = PBXFileReference; explicitFileType = wrapper.application; includeInIndex = 0; path = homework.app; sourceTree = BUILT_PRODUCTS_DIR; };
		66AB47D7243D1570000508FB /* AppDelegate.swift */ = {isa = PBXFileReference; lastKnownFileType = sourcecode.swift; path = AppDelegate.swift; sourceTree = "<group>"; };
		66AB47E0243D1572000508FB /* Assets.xcassets */ = {isa = PBXFileReference; lastKnownFileType = folder.assetcatalog; path = Assets.xcassets; sourceTree = "<group>"; };
		66AB47E3243D1572000508FB /* Base */ = {isa = PBXFileReference; lastKnownFileType = file.storyboard; name = Base; path = Base.lproj/LaunchScreen.storyboard; sourceTree = "<group>"; };
		66AB47E5243D1572000508FB /* Info.plist */ = {isa = PBXFileReference; lastKnownFileType = text.plist.xml; path = Info.plist; sourceTree = "<group>"; };
		66AB47EC243D15EB000508FB /* Auth.swift */ = {isa = PBXFileReference; lastKnownFileType = sourcecode.swift; path = Auth.swift; sourceTree = "<group>"; };
		66AB47EE243D167F000508FB /* DemoAuth.swift */ = {isa = PBXFileReference; lastKnownFileType = sourcecode.swift; path = DemoAuth.swift; sourceTree = "<group>"; };
		66AB47F3243D1B57000508FB /* Constants.swift */ = {isa = PBXFileReference; lastKnownFileType = sourcecode.swift; path = Constants.swift; sourceTree = "<group>"; };
		DE7F84BAC2F80C8424FE91F3 /* Pods-homework.debug.xcconfig */ = {isa = PBXFileReference; includeInIndex = 1; lastKnownFileType = text.xcconfig; name = "Pods-homework.debug.xcconfig"; path = "Target Support Files/Pods-homework/Pods-homework.debug.xcconfig"; sourceTree = "<group>"; };
/* End PBXFileReference section */

/* Begin PBXFrameworksBuildPhase section */
		459B68EA25941CBC00C0CB7E /* Frameworks */ = {
			isa = PBXFrameworksBuildPhase;
			buildActionMask = 2147483647;
			files = (
			);
			runOnlyForDeploymentPostprocessing = 0;
		};
		66AB47D1243D1570000508FB /* Frameworks */ = {
			isa = PBXFrameworksBuildPhase;
			buildActionMask = 2147483647;
			files = (
				87EC882248FCC06A32BE74EC /* Pods_homework.framework in Frameworks */,
			);
			runOnlyForDeploymentPostprocessing = 0;
		};
/* End PBXFrameworksBuildPhase section */

/* Begin PBXGroup section */
		45126F4525979D250074643F /* Extensions */ = {
			isa = PBXGroup;
			children = (
				45126F4625979D380074643F /* DateFormatter+APIDates.swift */,
				45F2AC5B2597F61C001CEDA5 /* DateFormatter+ReadableDate.swift */,
				45F2AC622597FA15001CEDA5 /* JsonDecoder+APIDates.swift */,
			);
			path = Extensions;
			sourceTree = "<group>";
		};
		45126F662597A8860074643F /* Networking */ = {
			isa = PBXGroup;
			children = (
				45126F3C25979C460074643F /* NetworkError.swift */,
				459B68DF2594159700C0CB7E /* NetworkClient.swift */,
				459B68E625941B0900C0CB7E /* Endpoint.swift */,
			);
			path = Networking;
			sourceTree = "<group>";
		};
		45126F672597A8970074643F /* ArchitectureUtilities */ = {
			isa = PBXGroup;
			children = (
				45126F5F2597A84A0074643F /* Injectable.swift */,
				45F2AC4E2597D089001CEDA5 /* Reusable.swift */,
			);
			path = ArchitectureUtilities;
			sourceTree = "<group>";
		};
		45126F6F2597A9B00074643F /* Adapters */ = {
			isa = PBXGroup;
			children = (
				45126F1C2594FFEE0074643F /* AuthenticationAdapter.swift */,
				45126F702597AD590074643F /* TokenStoreAdapter.swift */,
			);
			path = Adapters;
			sourceTree = "<group>";
		};
		45126F822597B5650074643F /* Views */ = {
			isa = PBXGroup;
			children = (
				45126F8D2597C5F10074643F /* Trips */,
				45B3E11B2598ED4600920C2A /* MessageView.swift */,
			);
			path = Views;
			sourceTree = "<group>";
		};
		45126F872597C5920074643F /* Controllers */ = {
			isa = PBXGroup;
			children = (
				45126F7B2597B5480074643F /* ListTripsViewController.swift */,
			);
			path = Controllers;
			sourceTree = "<group>";
		};
		45126F882597C5990074643F /* Storyboards */ = {
			isa = PBXGroup;
			children = (
				45126F892597C5B10074643F /* Trip.storyboard */,
			);
			path = Storyboards;
			sourceTree = "<group>";
		};
		45126F8D2597C5F10074643F /* Trips */ = {
			isa = PBXGroup;
			children = (
				45B3E12C2599034E00920C2A /* Map */,
				45B3E134259903E100920C2A /* List */,
				45126F882597C5990074643F /* Storyboards */,
			);
			path = Trips;
			sourceTree = "<group>";
		};
		45126F8E2597C6100074643F /* TableViewCells */ = {
			isa = PBXGroup;
			children = (
				45126F8F2597C6400074643F /* ListTripTableViewCell.swift */,
				45F2AC572597F4D6001CEDA5 /* ListTripTableViewCell.xib */,
			);
			path = TableViewCells;
			sourceTree = "<group>";
		};
		456B391D2594F669005E9F0D /* Common */ = {
			isa = PBXGroup;
			children = (
				45126F4525979D250074643F /* Extensions */,
				459B68CD2593EEDA00C0CB7E /* Utilities */,
				45126F672597A8970074643F /* ArchitectureUtilities */,
				45126F662597A8860074643F /* Networking */,
			);
			path = Common;
			sourceTree = "<group>";
		};
		459B68CD2593EEDA00C0CB7E /* Utilities */ = {
			isa = PBXGroup;
			children = (
				459B68CE2593EEE700C0CB7E /* JsonLoader.swift */,
			);
			path = Utilities;
			sourceTree = "<group>";
		};
		459B68EE25941CBC00C0CB7E /* homeworkTests */ = {
			isa = PBXGroup;
			children = (
				459B68F925941EF000C0CB7E /* Mocks */,
				459B68EF25941CBC00C0CB7E /* homeworkTests.swift */,
				459B68F125941CBC00C0CB7E /* Info.plist */,
			);
			path = homeworkTests;
			sourceTree = "<group>";
		};
		459B68F925941EF000C0CB7E /* Mocks */ = {
			isa = PBXGroup;
			children = (
				459B69062594202B00C0CB7E /* EndpointResponses */,
			);
			path = Mocks;
			sourceTree = "<group>";
		};
		459B69062594202B00C0CB7E /* EndpointResponses */ = {
			isa = PBXGroup;
			children = (
				459B69022594201D00C0CB7E /* MockGraphql.json */,
			);
			path = EndpointResponses;
			sourceTree = "<group>";
		};
		459B690B2594208500C0CB7E /* Models */ = {
			isa = PBXGroup;
			children = (
				459B69072594208000C0CB7E /* Driver.swift */,
				45126F682597A8C90074643F /* Token.swift */,
			);
			path = Models;
			sourceTree = "<group>";
		};
		45A3221C25990B190061F180 /* TemporaryMocks */ = {
			isa = PBXGroup;
			children = (
				45A3221D25990B2A0061F180 /* MockTripListNetwork.swift */,
				45A3222525990C420061F180 /* MockAuthentication.swift */,
			);
			path = TemporaryMocks;
			sourceTree = "<group>";
		};
		45B3E125259900D200920C2A /* Presenters */ = {
			isa = PBXGroup;
			children = (
				45B3E126259900F600920C2A /* ListTripsPresenter.swift */,
			);
			path = Presenters;
			sourceTree = "<group>";
		};
		45B3E12C2599034E00920C2A /* Map */ = {
			isa = PBXGroup;
			children = (
				45B3E133259903A100920C2A /* Controllers */,
			);
			path = Map;
			sourceTree = "<group>";
		};
		45B3E133259903A100920C2A /* Controllers */ = {
			isa = PBXGroup;
			children = (
				45B3E12D2599038900920C2A /* MapTripViewController.swift */,
			);
			path = Controllers;
			sourceTree = "<group>";
		};
		45B3E134259903E100920C2A /* List */ = {
			isa = PBXGroup;
			children = (
				45126F8E2597C6100074643F /* TableViewCells */,
				45126F872597C5920074643F /* Controllers */,
			);
			path = List;
			sourceTree = "<group>";
		};
		66AB47CB243D1570000508FB = {
			isa = PBXGroup;
			children = (
				66AB47D6243D1570000508FB /* homework */,
				459B68EE25941CBC00C0CB7E /* homeworkTests */,
				66AB47D5243D1570000508FB /* Products */,
				CE68B63070177FED54590BA9 /* Pods */,
				CC6D264C54197275CA648C81 /* Frameworks */,
			);
			sourceTree = "<group>";
		};
		66AB47D5243D1570000508FB /* Products */ = {
			isa = PBXGroup;
			children = (
				66AB47D4243D1570000508FB /* homework.app */,
				459B68ED25941CBC00C0CB7E /* homeworkTests.xctest */,
			);
			name = Products;
			sourceTree = "<group>";
		};
		66AB47D6243D1570000508FB /* homework */ = {
			isa = PBXGroup;
			children = (
				45A3221C25990B190061F180 /* TemporaryMocks */,
				459B690B2594208500C0CB7E /* Models */,
				45B3E125259900D200920C2A /* Presenters */,
				45126F822597B5650074643F /* Views */,
				45126F6F2597A9B00074643F /* Adapters */,
				456B391D2594F669005E9F0D /* Common */,
				66AB47F2243D1B41000508FB /* Bridge */,
				66AB47EB243D15DE000508FB /* Internal */,
				66AB47D7243D1570000508FB /* AppDelegate.swift */,
				66AB47E0243D1572000508FB /* Assets.xcassets */,
				66AB47E2243D1572000508FB /* LaunchScreen.storyboard */,
				66AB47E5243D1572000508FB /* Info.plist */,
				40119F20245B7C0500D97CB3 /* request_body.json */,
			);
			path = homework;
			sourceTree = "<group>";
		};
		66AB47EB243D15DE000508FB /* Internal */ = {
			isa = PBXGroup;
			children = (
				66AB47EE243D167F000508FB /* DemoAuth.swift */,
			);
			path = Internal;
			sourceTree = "<group>";
		};
		66AB47F2243D1B41000508FB /* Bridge */ = {
			isa = PBXGroup;
			children = (
				66AB47EC243D15EB000508FB /* Auth.swift */,
				66AB47F3243D1B57000508FB /* Constants.swift */,
			);
			path = Bridge;
			sourceTree = "<group>";
		};
		CC6D264C54197275CA648C81 /* Frameworks */ = {
			isa = PBXGroup;
			children = (
				0D27B24D6D233654D06D5F6E /* Pods_homework.framework */,
			);
			name = Frameworks;
			sourceTree = "<group>";
		};
		CE68B63070177FED54590BA9 /* Pods */ = {
			isa = PBXGroup;
			children = (
				DE7F84BAC2F80C8424FE91F3 /* Pods-homework.debug.xcconfig */,
				37F33EB8E24A1BD328BA669C /* Pods-homework.release.xcconfig */,
			);
			path = Pods;
			sourceTree = "<group>";
		};
/* End PBXGroup section */

/* Begin PBXNativeTarget section */
		459B68EC25941CBC00C0CB7E /* homeworkTests */ = {
			isa = PBXNativeTarget;
			buildConfigurationList = 459B68F425941CBC00C0CB7E /* Build configuration list for PBXNativeTarget "homeworkTests" */;
			buildPhases = (
				459B68E925941CBC00C0CB7E /* Sources */,
				459B68EA25941CBC00C0CB7E /* Frameworks */,
				459B68EB25941CBC00C0CB7E /* Resources */,
			);
			buildRules = (
			);
			dependencies = (
				459B68F325941CBC00C0CB7E /* PBXTargetDependency */,
			);
			name = homeworkTests;
			productName = homeworkTests;
			productReference = 459B68ED25941CBC00C0CB7E /* homeworkTests.xctest */;
			productType = "com.apple.product-type.bundle.unit-test";
		};
		66AB47D3243D1570000508FB /* homework */ = {
			isa = PBXNativeTarget;
			buildConfigurationList = 66AB47E8243D1572000508FB /* Build configuration list for PBXNativeTarget "homework" */;
			buildPhases = (
				D0B1B82E969D2C61ECB15577 /* [CP] Check Pods Manifest.lock */,
				66AB47D0243D1570000508FB /* Sources */,
				66AB47D1243D1570000508FB /* Frameworks */,
				66AB47D2243D1570000508FB /* Resources */,
				E263C248D68B9BD1B356AC4A /* [CP] Embed Pods Frameworks */,
			);
			buildRules = (
			);
			dependencies = (
			);
			name = homework;
			productName = homework;
			productReference = 66AB47D4243D1570000508FB /* homework.app */;
			productType = "com.apple.product-type.application";
		};
/* End PBXNativeTarget section */

/* Begin PBXProject section */
		66AB47CC243D1570000508FB /* Project object */ = {
			isa = PBXProject;
			attributes = {
				LastSwiftUpdateCheck = 1200;
				LastUpgradeCheck = 1130;
				ORGANIZATIONNAME = Indigo;
				TargetAttributes = {
					459B68EC25941CBC00C0CB7E = {
						CreatedOnToolsVersion = 12.0;
						TestTargetID = 66AB47D3243D1570000508FB;
					};
					66AB47D3243D1570000508FB = {
						CreatedOnToolsVersion = 11.3.1;
					};
				};
			};
			buildConfigurationList = 66AB47CF243D1570000508FB /* Build configuration list for PBXProject "homework" */;
			compatibilityVersion = "Xcode 9.3";
			developmentRegion = en;
			hasScannedForEncodings = 0;
			knownRegions = (
				en,
				Base,
			);
			mainGroup = 66AB47CB243D1570000508FB;
			productRefGroup = 66AB47D5243D1570000508FB /* Products */;
			projectDirPath = "";
			projectRoot = "";
			targets = (
				66AB47D3243D1570000508FB /* homework */,
				459B68EC25941CBC00C0CB7E /* homeworkTests */,
			);
		};
/* End PBXProject section */

/* Begin PBXResourcesBuildPhase section */
		459B68EB25941CBC00C0CB7E /* Resources */ = {
			isa = PBXResourcesBuildPhase;
			buildActionMask = 2147483647;
			files = (
				459B69032594201D00C0CB7E /* MockGraphql.json in Resources */,
			);
			runOnlyForDeploymentPostprocessing = 0;
		};
		66AB47D2243D1570000508FB /* Resources */ = {
			isa = PBXResourcesBuildPhase;
			buildActionMask = 2147483647;
			files = (
				66AB47E4243D1572000508FB /* LaunchScreen.storyboard in Resources */,
				45126F8A2597C5B10074643F /* Trip.storyboard in Resources */,
				45F2AC582597F4D6001CEDA5 /* ListTripTableViewCell.xib in Resources */,
				45F2AC5F2597F8D9001CEDA5 /* MockGraphql.json in Resources */,
				66AB47E1243D1572000508FB /* Assets.xcassets in Resources */,
				40119F21245B7C0500D97CB3 /* request_body.json in Resources */,
			);
			runOnlyForDeploymentPostprocessing = 0;
		};
/* End PBXResourcesBuildPhase section */

/* Begin PBXShellScriptBuildPhase section */
		D0B1B82E969D2C61ECB15577 /* [CP] Check Pods Manifest.lock */ = {
			isa = PBXShellScriptBuildPhase;
			buildActionMask = 2147483647;
			files = (
			);
			inputFileListPaths = (
			);
			inputPaths = (
				"${PODS_PODFILE_DIR_PATH}/Podfile.lock",
				"${PODS_ROOT}/Manifest.lock",
			);
			name = "[CP] Check Pods Manifest.lock";
			outputFileListPaths = (
			);
			outputPaths = (
				"$(DERIVED_FILE_DIR)/Pods-homework-checkManifestLockResult.txt",
			);
			runOnlyForDeploymentPostprocessing = 0;
			shellPath = /bin/sh;
			shellScript = "diff \"${PODS_PODFILE_DIR_PATH}/Podfile.lock\" \"${PODS_ROOT}/Manifest.lock\" > /dev/null\nif [ $? != 0 ] ; then\n    # print error to STDERR\n    echo \"error: The sandbox is not in sync with the Podfile.lock. Run 'pod install' or update your CocoaPods installation.\" >&2\n    exit 1\nfi\n# This output is used by Xcode 'outputs' to avoid re-running this script phase.\necho \"SUCCESS\" > \"${SCRIPT_OUTPUT_FILE_0}\"\n";
			showEnvVarsInLog = 0;
		};
		E263C248D68B9BD1B356AC4A /* [CP] Embed Pods Frameworks */ = {
			isa = PBXShellScriptBuildPhase;
			buildActionMask = 2147483647;
			files = (
			);
			inputFileListPaths = (
				"${PODS_ROOT}/Target Support Files/Pods-homework/Pods-homework-frameworks-${CONFIGURATION}-input-files.xcfilelist",
			);
			name = "[CP] Embed Pods Frameworks";
			outputFileListPaths = (
				"${PODS_ROOT}/Target Support Files/Pods-homework/Pods-homework-frameworks-${CONFIGURATION}-output-files.xcfilelist",
			);
			runOnlyForDeploymentPostprocessing = 0;
			shellPath = /bin/sh;
			shellScript = "\"${PODS_ROOT}/Target Support Files/Pods-homework/Pods-homework-frameworks.sh\"\n";
			showEnvVarsInLog = 0;
		};
/* End PBXShellScriptBuildPhase section */

/* Begin PBXSourcesBuildPhase section */
		459B68E925941CBC00C0CB7E /* Sources */ = {
			isa = PBXSourcesBuildPhase;
			buildActionMask = 2147483647;
			files = (
				459B68F025941CBC00C0CB7E /* homeworkTests.swift in Sources */,
			);
			runOnlyForDeploymentPostprocessing = 0;
		};
		66AB47D0243D1570000508FB /* Sources */ = {
			isa = PBXSourcesBuildPhase;
			buildActionMask = 2147483647;
			files = (
				45F2AC4F2597D089001CEDA5 /* Reusable.swift in Sources */,
				459B68E725941B0900C0CB7E /* Endpoint.swift in Sources */,
				45126F712597AD590074643F /* TokenStoreAdapter.swift in Sources */,
				66AB47EF243D1680000508FB /* DemoAuth.swift in Sources */,
				45B3E11C2598ED4600920C2A /* MessageView.swift in Sources */,
				66AB47D8243D1570000508FB /* AppDelegate.swift in Sources */,
				45126F912597C6400074643F /* ListTripTableViewCell.swift in Sources */,
				459B69082594208000C0CB7E /* Driver.swift in Sources */,
				45126F602597A84A0074643F /* Injectable.swift in Sources */,
				66AB47ED243D15EB000508FB /* Auth.swift in Sources */,
				66AB47F4243D1B57000508FB /* Constants.swift in Sources */,
				45F2AC632597FA15001CEDA5 /* JsonDecoder+APIDates.swift in Sources */,
				459B68CF2593EEE700C0CB7E /* JsonLoader.swift in Sources */,
				45126F7C2597B5480074643F /* ListTripsViewController.swift in Sources */,
				45A3221E25990B2A0061F180 /* MockTripListNetwork.swift in Sources */,
				45B3E12E2599038900920C2A /* MapTripViewController.swift in Sources */,
				45126F3D25979C460074643F /* NetworkError.swift in Sources */,
				45B3E127259900F600920C2A /* ListTripsPresenter.swift in Sources */,
				45126F1D2594FFEE0074643F /* AuthenticationAdapter.swift in Sources */,
				45F2AC5C2597F61C001CEDA5 /* DateFormatter+ReadableDate.swift in Sources */,
				459B68E02594159700C0CB7E /* NetworkClient.swift in Sources */,
				45A3222625990C420061F180 /* MockAuthentication.swift in Sources */,
				45126F692597A8C90074643F /* Token.swift in Sources */,
				45126F4725979D380074643F /* DateFormatter+APIDates.swift in Sources */,
			);
			runOnlyForDeploymentPostprocessing = 0;
		};
/* End PBXSourcesBuildPhase section */

/* Begin PBXTargetDependency section */
		459B68F325941CBC00C0CB7E /* PBXTargetDependency */ = {
			isa = PBXTargetDependency;
			target = 66AB47D3243D1570000508FB /* homework */;
			targetProxy = 459B68F225941CBC00C0CB7E /* PBXContainerItemProxy */;
		};
/* End PBXTargetDependency section */

/* Begin PBXVariantGroup section */
		66AB47E2243D1572000508FB /* LaunchScreen.storyboard */ = {
			isa = PBXVariantGroup;
			children = (
				66AB47E3243D1572000508FB /* Base */,
			);
			name = LaunchScreen.storyboard;
			sourceTree = "<group>";
		};
/* End PBXVariantGroup section */

/* Begin XCBuildConfiguration section */
		459B68F525941CBC00C0CB7E /* Debug */ = {
			isa = XCBuildConfiguration;
			buildSettings = {
				BUNDLE_LOADER = "$(TEST_HOST)";
				CLANG_WARN_QUOTED_INCLUDE_IN_FRAMEWORK_HEADER = YES;
				CODE_SIGN_STYLE = Automatic;
				DEVELOPMENT_TEAM = GEBZ6V7V55;
				INFOPLIST_FILE = homeworkTests/Info.plist;
				IPHONEOS_DEPLOYMENT_TARGET = 14.0;
				LD_RUNPATH_SEARCH_PATHS = (
					"$(inherited)",
					"@executable_path/Frameworks",
					"@loader_path/Frameworks",
				);
				PRODUCT_BUNDLE_IDENTIFIER = test.homeworkTests;
				PRODUCT_NAME = "$(TARGET_NAME)";
				SWIFT_VERSION = 5.0;
				TARGETED_DEVICE_FAMILY = "1,2";
				TEST_HOST = "$(BUILT_PRODUCTS_DIR)/homework.app/homework";
			};
			name = Debug;
		};
		459B68F625941CBC00C0CB7E /* Release */ = {
			isa = XCBuildConfiguration;
			buildSettings = {
				BUNDLE_LOADER = "$(TEST_HOST)";
				CLANG_WARN_QUOTED_INCLUDE_IN_FRAMEWORK_HEADER = YES;
				CODE_SIGN_STYLE = Automatic;
				DEVELOPMENT_TEAM = GEBZ6V7V55;
				INFOPLIST_FILE = homeworkTests/Info.plist;
				IPHONEOS_DEPLOYMENT_TARGET = 14.0;
				LD_RUNPATH_SEARCH_PATHS = (
					"$(inherited)",
					"@executable_path/Frameworks",
					"@loader_path/Frameworks",
				);
				PRODUCT_BUNDLE_IDENTIFIER = test.homeworkTests;
				PRODUCT_NAME = "$(TARGET_NAME)";
				SWIFT_VERSION = 5.0;
				TARGETED_DEVICE_FAMILY = "1,2";
				TEST_HOST = "$(BUILT_PRODUCTS_DIR)/homework.app/homework";
			};
			name = Release;
		};
		66AB47E6243D1572000508FB /* Debug */ = {
			isa = XCBuildConfiguration;
			buildSettings = {
				ALWAYS_SEARCH_USER_PATHS = NO;
				CLANG_ANALYZER_NONNULL = YES;
				CLANG_ANALYZER_NUMBER_OBJECT_CONVERSION = YES_AGGRESSIVE;
				CLANG_CXX_LANGUAGE_STANDARD = "gnu++14";
				CLANG_CXX_LIBRARY = "libc++";
				CLANG_ENABLE_MODULES = YES;
				CLANG_ENABLE_OBJC_ARC = YES;
				CLANG_ENABLE_OBJC_WEAK = YES;
				CLANG_WARN_BLOCK_CAPTURE_AUTORELEASING = YES;
				CLANG_WARN_BOOL_CONVERSION = YES;
				CLANG_WARN_COMMA = YES;
				CLANG_WARN_CONSTANT_CONVERSION = YES;
				CLANG_WARN_DEPRECATED_OBJC_IMPLEMENTATIONS = YES;
				CLANG_WARN_DIRECT_OBJC_ISA_USAGE = YES_ERROR;
				CLANG_WARN_DOCUMENTATION_COMMENTS = YES;
				CLANG_WARN_EMPTY_BODY = YES;
				CLANG_WARN_ENUM_CONVERSION = YES;
				CLANG_WARN_INFINITE_RECURSION = YES;
				CLANG_WARN_INT_CONVERSION = YES;
				CLANG_WARN_NON_LITERAL_NULL_CONVERSION = YES;
				CLANG_WARN_OBJC_IMPLICIT_RETAIN_SELF = YES;
				CLANG_WARN_OBJC_LITERAL_CONVERSION = YES;
				CLANG_WARN_OBJC_ROOT_CLASS = YES_ERROR;
				CLANG_WARN_RANGE_LOOP_ANALYSIS = YES;
				CLANG_WARN_STRICT_PROTOTYPES = YES;
				CLANG_WARN_SUSPICIOUS_MOVE = YES;
				CLANG_WARN_UNGUARDED_AVAILABILITY = YES_AGGRESSIVE;
				CLANG_WARN_UNREACHABLE_CODE = YES;
				CLANG_WARN__DUPLICATE_METHOD_MATCH = YES;
				COPY_PHASE_STRIP = NO;
				DEBUG_INFORMATION_FORMAT = dwarf;
				ENABLE_STRICT_OBJC_MSGSEND = YES;
				ENABLE_TESTABILITY = YES;
				GCC_C_LANGUAGE_STANDARD = gnu11;
				GCC_DYNAMIC_NO_PIC = NO;
				GCC_NO_COMMON_BLOCKS = YES;
				GCC_OPTIMIZATION_LEVEL = 0;
				GCC_PREPROCESSOR_DEFINITIONS = (
					"DEBUG=1",
					"$(inherited)",
				);
				GCC_WARN_64_TO_32_BIT_CONVERSION = YES;
				GCC_WARN_ABOUT_RETURN_TYPE = YES_ERROR;
				GCC_WARN_UNDECLARED_SELECTOR = YES;
				GCC_WARN_UNINITIALIZED_AUTOS = YES_AGGRESSIVE;
				GCC_WARN_UNUSED_FUNCTION = YES;
				GCC_WARN_UNUSED_VARIABLE = YES;
				IPHONEOS_DEPLOYMENT_TARGET = 13.2;
				MTL_ENABLE_DEBUG_INFO = INCLUDE_SOURCE;
				MTL_FAST_MATH = YES;
				ONLY_ACTIVE_ARCH = YES;
				SDKROOT = iphoneos;
				SWIFT_ACTIVE_COMPILATION_CONDITIONS = DEBUG;
				SWIFT_OPTIMIZATION_LEVEL = "-Onone";
			};
			name = Debug;
		};
		66AB47E7243D1572000508FB /* Release */ = {
			isa = XCBuildConfiguration;
			buildSettings = {
				ALWAYS_SEARCH_USER_PATHS = NO;
				CLANG_ANALYZER_NONNULL = YES;
				CLANG_ANALYZER_NUMBER_OBJECT_CONVERSION = YES_AGGRESSIVE;
				CLANG_CXX_LANGUAGE_STANDARD = "gnu++14";
				CLANG_CXX_LIBRARY = "libc++";
				CLANG_ENABLE_MODULES = YES;
				CLANG_ENABLE_OBJC_ARC = YES;
				CLANG_ENABLE_OBJC_WEAK = YES;
				CLANG_WARN_BLOCK_CAPTURE_AUTORELEASING = YES;
				CLANG_WARN_BOOL_CONVERSION = YES;
				CLANG_WARN_COMMA = YES;
				CLANG_WARN_CONSTANT_CONVERSION = YES;
				CLANG_WARN_DEPRECATED_OBJC_IMPLEMENTATIONS = YES;
				CLANG_WARN_DIRECT_OBJC_ISA_USAGE = YES_ERROR;
				CLANG_WARN_DOCUMENTATION_COMMENTS = YES;
				CLANG_WARN_EMPTY_BODY = YES;
				CLANG_WARN_ENUM_CONVERSION = YES;
				CLANG_WARN_INFINITE_RECURSION = YES;
				CLANG_WARN_INT_CONVERSION = YES;
				CLANG_WARN_NON_LITERAL_NULL_CONVERSION = YES;
				CLANG_WARN_OBJC_IMPLICIT_RETAIN_SELF = YES;
				CLANG_WARN_OBJC_LITERAL_CONVERSION = YES;
				CLANG_WARN_OBJC_ROOT_CLASS = YES_ERROR;
				CLANG_WARN_RANGE_LOOP_ANALYSIS = YES;
				CLANG_WARN_STRICT_PROTOTYPES = YES;
				CLANG_WARN_SUSPICIOUS_MOVE = YES;
				CLANG_WARN_UNGUARDED_AVAILABILITY = YES_AGGRESSIVE;
				CLANG_WARN_UNREACHABLE_CODE = YES;
				CLANG_WARN__DUPLICATE_METHOD_MATCH = YES;
				COPY_PHASE_STRIP = NO;
				DEBUG_INFORMATION_FORMAT = "dwarf-with-dsym";
				ENABLE_NS_ASSERTIONS = NO;
				ENABLE_STRICT_OBJC_MSGSEND = YES;
				GCC_C_LANGUAGE_STANDARD = gnu11;
				GCC_NO_COMMON_BLOCKS = YES;
				GCC_WARN_64_TO_32_BIT_CONVERSION = YES;
				GCC_WARN_ABOUT_RETURN_TYPE = YES_ERROR;
				GCC_WARN_UNDECLARED_SELECTOR = YES;
				GCC_WARN_UNINITIALIZED_AUTOS = YES_AGGRESSIVE;
				GCC_WARN_UNUSED_FUNCTION = YES;
				GCC_WARN_UNUSED_VARIABLE = YES;
				IPHONEOS_DEPLOYMENT_TARGET = 13.2;
				MTL_ENABLE_DEBUG_INFO = NO;
				MTL_FAST_MATH = YES;
				SDKROOT = iphoneos;
				SWIFT_COMPILATION_MODE = wholemodule;
				SWIFT_OPTIMIZATION_LEVEL = "-O";
				VALIDATE_PRODUCT = YES;
			};
			name = Release;
		};
		66AB47E9243D1572000508FB /* Debug */ = {
			isa = XCBuildConfiguration;
			baseConfigurationReference = DE7F84BAC2F80C8424FE91F3 /* Pods-homework.debug.xcconfig */;
			buildSettings = {
				ASSETCATALOG_COMPILER_APPICON_NAME = AppIcon;
				CODE_SIGN_STYLE = Automatic;
				DEVELOPMENT_TEAM = Y7D24J646Q;
				INFOPLIST_FILE = homework/Info.plist;
				LD_RUNPATH_SEARCH_PATHS = (
					"$(inherited)",
					"@executable_path/Frameworks",
				);
				PRODUCT_BUNDLE_IDENTIFIER = com.indigoag.homework;
				PRODUCT_NAME = "$(TARGET_NAME)";
				SWIFT_VERSION = 5.0;
				TARGETED_DEVICE_FAMILY = "1,2";
			};
			name = Debug;
		};
		66AB47EA243D1572000508FB /* Release */ = {
			isa = XCBuildConfiguration;
			baseConfigurationReference = 37F33EB8E24A1BD328BA669C /* Pods-homework.release.xcconfig */;
			buildSettings = {
				ASSETCATALOG_COMPILER_APPICON_NAME = AppIcon;
				CODE_SIGN_STYLE = Automatic;
				DEVELOPMENT_TEAM = Y7D24J646Q;
				INFOPLIST_FILE = homework/Info.plist;
				LD_RUNPATH_SEARCH_PATHS = (
					"$(inherited)",
					"@executable_path/Frameworks",
				);
				PRODUCT_BUNDLE_IDENTIFIER = com.indigoag.homework;
				PRODUCT_NAME = "$(TARGET_NAME)";
				SWIFT_VERSION = 5.0;
				TARGETED_DEVICE_FAMILY = "1,2";
			};
			name = Release;
		};
/* End XCBuildConfiguration section */

/* Begin XCConfigurationList section */
		459B68F425941CBC00C0CB7E /* Build configuration list for PBXNativeTarget "homeworkTests" */ = {
			isa = XCConfigurationList;
			buildConfigurations = (
				459B68F525941CBC00C0CB7E /* Debug */,
				459B68F625941CBC00C0CB7E /* Release */,
			);
			defaultConfigurationIsVisible = 0;
			defaultConfigurationName = Release;
		};
		66AB47CF243D1570000508FB /* Build configuration list for PBXProject "homework" */ = {
			isa = XCConfigurationList;
			buildConfigurations = (
				66AB47E6243D1572000508FB /* Debug */,
				66AB47E7243D1572000508FB /* Release */,
			);
			defaultConfigurationIsVisible = 0;
			defaultConfigurationName = Release;
		};
		66AB47E8243D1572000508FB /* Build configuration list for PBXNativeTarget "homework" */ = {
			isa = XCConfigurationList;
			buildConfigurations = (
				66AB47E9243D1572000508FB /* Debug */,
				66AB47EA243D1572000508FB /* Release */,
			);
			defaultConfigurationIsVisible = 0;
			defaultConfigurationName = Release;
		};
/* End XCConfigurationList section */
	};
	rootObject = 66AB47CC243D1570000508FB /* Project object */;
}
